
Microsoft Visual Studio Solution File, Format Version 12.00
# Visual Studio Version 17
VisualStudioVersion = 17.8.34511.84
MinimumVisualStudioVersion = 10.0.40219.1
Project("{FAE04EC0-301F-11D3-BF4B-00C04F79EFBC}") = "lab2-client", "lab2-client\lab2-client.csproj", "{76DB8FCD-B12E-4A45-B39B-0AB3B427ACBA}"
EndProject
Project("{FAE04EC0-301F-11D3-BF4B-00C04F79EFBC}") = "lab2-host", "lab2-host\lab2-host.csproj", "{BC16318E-7B50-4D1B-BCBB-C0CBE8DFC737}"
EndProject
Global
	GlobalSection(SolutionConfigurationPlatforms) = preSolution
		Debug|Any CPU = Debug|Any CPU
		Release|Any CPU = Release|Any CPU
	EndGlobalSection
	GlobalSection(ProjectConfigurationPlatforms) = postSolution
		{76DB8FCD-B12E-4A45-B39B-0AB3B427ACBA}.Debug|Any CPU.ActiveCfg = Debug|Any CPU
		{76DB8FCD-B12E-4A45-B39B-0AB3B427ACBA}.Debug|Any CPU.Build.0 = Debug|Any CPU
		{76DB8FCD-B12E-4A45-B39B-0AB3B427ACBA}.Release|Any CPU.ActiveCfg = Release|Any CPU
		{76DB8FCD-B12E-4A45-B39B-0AB3B427ACBA}.Release|Any CPU.Build.0 = Release|Any CPU
		{BC16318E-7B50-4D1B-BCBB-C0CBE8DFC737}.Debug|Any CPU.ActiveCfg = Debug|Any CPU
		{BC16318E-7B50-4D1B-BCBB-C0CBE8DFC737}.Debug|Any CPU.Build.0 = Debug|Any CPU
		{BC16318E-7B50-4D1B-BCBB-C0CBE8DFC737}.Release|Any CPU.ActiveCfg = Release|Any CPU
		{BC16318E-7B50-4D1B-BCBB-C0CBE8DFC737}.Release|Any CPU.Build.0 = Release|Any CPU
	EndGlobalSection
	GlobalSection(SolutionProperties) = preSolution
		HideSolutionNode = FALSE
	EndGlobalSection
	GlobalSection(ExtensibilityGlobals) = postSolution
		SolutionGuid = {667B48A2-4392-4A3E-9481-DEAD9196BCB4}
	EndGlobalSection
EndGlobal
